{
    "_meta": {
        "hash": {
            "sha256": "b28a41e714d4b946a988ef9fada0941c6a7268933d0876a370f397d64b5ec1f7"
        },
        "pipfile-spec": 6,
        "requires": {
            "python_version": "3.6"
        },
        "sources": [
            {
                "name": "pypi",
                "url": "https://pypi.org/simple",
                "verify_ssl": true
            }
        ]
    },
    "default": {
        "guizero": {
            "hashes": [
                "sha256:445ea7b5180aad4782bc0c15241cc0b190f3f4d75780636c2b2116298e67c7eb",
                "sha256:dd65471901855f85236085d6bca302d889140e035b680103bcdd79346c4aff56"
            ],
            "index": "pypi",
            "version": "==1.1.0"
        }
    },
    "develop": {}
}
